
Microsoft Visual Studio Solution File, Format Version 12.00
# Visual Studio Version 17
VisualStudioVersion = 17.12.35521.163 d17.12
MinimumVisualStudioVersion = 10.0.40219.1
Project("{FAE04EC0-301F-11D3-BF4B-00C04F79EFBC}") = "AoCLib", "..\AdventOfCode\AoCLib\AoCLib.csproj", "{046980B3-035B-4F81-9787-F92BCE9FC221}"
EndProject
Project("{FAE04EC0-301F-11D3-BF4B-00C04F79EFBC}") = "LeaderboardLib", "..\AdventOfCode\LeaderboardLib\LeaderboardLib.csproj", "{283981D9-3B81-4C0D-BBED-F012C6CE97BF}"
EndProject
Project("{FAE04EC0-301F-11D3-BF4B-00C04F79EFBC}") = "Interfaces", "..\AdventOfCode\Interfaces\Interfaces.csproj", "{8E871211-7987-4960-81C6-25538DFDCA91}"
EndProject
Project("{FAE04EC0-301F-11D3-BF4B-00C04F79EFBC}") = "AdventOfCode", "..\AdventOfCode\AdventOfCode\AdventOfCode.csproj", "{EBB07FE7-14EF-48B0-8B9F-F26E1948E0A1}"
	ProjectSection(ProjectDependencies) = postProject
		{046980B3-035B-4F81-9787-F92BCE9FC221} = {046980B3-035B-4F81-9787-F92BCE9FC221}
		{08E40C5E-86A6-492D-B798-70799936E86A} = {08E40C5E-86A6-492D-B798-70799936E86A}
		{0D52EFE1-908D-4CD6-94A2-A2A6455119B8} = {0D52EFE1-908D-4CD6-94A2-A2A6455119B8}
		{1BD98011-64C9-4BED-81D9-B691E3B011DE} = {1BD98011-64C9-4BED-81D9-B691E3B011DE}
		{1BF88AB0-0C13-4263-A4AA-8819B35243B7} = {1BF88AB0-0C13-4263-A4AA-8819B35243B7}
		{1CB19BE0-656D-4EFB-84C0-6D2A406D3F2F} = {1CB19BE0-656D-4EFB-84C0-6D2A406D3F2F}
		{2080948D-36CC-46DE-BFFF-99846E253BD1} = {2080948D-36CC-46DE-BFFF-99846E253BD1}
		{318E1A8B-4D7B-47AC-A1A7-2A79093185F6} = {318E1A8B-4D7B-47AC-A1A7-2A79093185F6}
		{33259DEF-2C04-4F51-9285-723DC0BAAA04} = {33259DEF-2C04-4F51-9285-723DC0BAAA04}
		{51476430-573C-4D20-BCBF-1757210878B5} = {51476430-573C-4D20-BCBF-1757210878B5}
		{526BB73C-E939-4C8E-9E5F-9B3FFAEE8BCD} = {526BB73C-E939-4C8E-9E5F-9B3FFAEE8BCD}
		{56F2C6C2-40CD-4F04-A09B-07346E16851A} = {56F2C6C2-40CD-4F04-A09B-07346E16851A}
		{57DEB018-2DE8-446D-BFE0-1E6C5435D517} = {57DEB018-2DE8-446D-BFE0-1E6C5435D517}
		{5FA343F4-7A20-4FDB-9349-248FC089B843} = {5FA343F4-7A20-4FDB-9349-248FC089B843}
		{78125B9D-145C-4E8C-B143-1357286975C5} = {78125B9D-145C-4E8C-B143-1357286975C5}
		{873ABDDA-1B63-4864-AFFE-988A5B7ACD9C} = {873ABDDA-1B63-4864-AFFE-988A5B7ACD9C}
		{8C3E201E-DAD2-4C58-B09D-4FB02BE41B0B} = {8C3E201E-DAD2-4C58-B09D-4FB02BE41B0B}
		{8FE03FD2-81E6-49C8-BA0D-C43C5C9CC755} = {8FE03FD2-81E6-49C8-BA0D-C43C5C9CC755}
		{AB43C47B-9C4A-4677-BF56-27FBEFE34455} = {AB43C47B-9C4A-4677-BF56-27FBEFE34455}
		{AD457796-3CEE-497C-AE69-53EF8A7D751C} = {AD457796-3CEE-497C-AE69-53EF8A7D751C}
		{B1AF3064-EC5E-4F59-9414-A8C843B775A2} = {B1AF3064-EC5E-4F59-9414-A8C843B775A2}
		{B2FF4A47-2DDA-43EF-8AD5-4F5E93CDA1AB} = {B2FF4A47-2DDA-43EF-8AD5-4F5E93CDA1AB}
		{C7D28512-CFA0-4BBB-8453-2C1F321B0C00} = {C7D28512-CFA0-4BBB-8453-2C1F321B0C00}
		{CDC18415-A858-4441-91B2-C538BAB49A54} = {CDC18415-A858-4441-91B2-C538BAB49A54}
		{D22515AD-89D0-49A3-BA0E-B00BE11D72AA} = {D22515AD-89D0-49A3-BA0E-B00BE11D72AA}
		{F2C5E36E-F9D0-4366-8337-A26D117C0AD1} = {F2C5E36E-F9D0-4366-8337-A26D117C0AD1}
	EndProjectSection
EndProject
Project("{FAE04EC0-301F-11D3-BF4B-00C04F79EFBC}") = "SolverAOC2024_01", "SolverAOC2024_01\SolverAOC2024_01.csproj", "{56F2C6C2-40CD-4F04-A09B-07346E16851A}"
EndProject
Project("{FAE04EC0-301F-11D3-BF4B-00C04F79EFBC}") = "SolverAOC2024_02", "SolverAOC2024_02\SolverAOC2024_02.csproj", "{F2C5E36E-F9D0-4366-8337-A26D117C0AD1}"
EndProject
Project("{FAE04EC0-301F-11D3-BF4B-00C04F79EFBC}") = "SolverAOC2024_03", "SolverAOC2024_03\SolverAOC2024_03.csproj", "{8FE03FD2-81E6-49C8-BA0D-C43C5C9CC755}"
EndProject
Project("{FAE04EC0-301F-11D3-BF4B-00C04F79EFBC}") = "SolverAOC2024_04", "SolverAOC2024_04\SolverAOC2024_04.csproj", "{0D52EFE1-908D-4CD6-94A2-A2A6455119B8}"
EndProject
Project("{FAE04EC0-301F-11D3-BF4B-00C04F79EFBC}") = "SolverAOC2024_05", "SolverAOC2024_05\SolverAOC2024_05.csproj", "{D22515AD-89D0-49A3-BA0E-B00BE11D72AA}"
EndProject
Project("{FAE04EC0-301F-11D3-BF4B-00C04F79EFBC}") = "SolverAOC2024_06", "SolverAOC2024_06\SolverAOC2024_06.csproj", "{33259DEF-2C04-4F51-9285-723DC0BAAA04}"
EndProject
Project("{FAE04EC0-301F-11D3-BF4B-00C04F79EFBC}") = "SolverAOC2024_07", "SolverAOC2024_07\SolverAOC2024_07.csproj", "{CDC18415-A858-4441-91B2-C538BAB49A54}"
EndProject
Project("{FAE04EC0-301F-11D3-BF4B-00C04F79EFBC}") = "SolverAOC2024_08", "SolverAOC2024_08\SolverAOC2024_08.csproj", "{8C3E201E-DAD2-4C58-B09D-4FB02BE41B0B}"
EndProject
Project("{FAE04EC0-301F-11D3-BF4B-00C04F79EFBC}") = "SolverAOC2024_09", "SolverAOC2024_09\SolverAOC2024_09.csproj", "{318E1A8B-4D7B-47AC-A1A7-2A79093185F6}"
EndProject
Project("{FAE04EC0-301F-11D3-BF4B-00C04F79EFBC}") = "SolverAOC2024_10", "SolverAOC2024_10\SolverAOC2024_10.csproj", "{1BF88AB0-0C13-4263-A4AA-8819B35243B7}"
EndProject
Project("{FAE04EC0-301F-11D3-BF4B-00C04F79EFBC}") = "SolverAOC2024_11", "SolverAOC2024_11\SolverAOC2024_11.csproj", "{78125B9D-145C-4E8C-B143-1357286975C5}"
EndProject
Project("{FAE04EC0-301F-11D3-BF4B-00C04F79EFBC}") = "SolverAOC2024_12", "SolverAOC2024_12\SolverAOC2024_12.csproj", "{1BD98011-64C9-4BED-81D9-B691E3B011DE}"
EndProject
Project("{FAE04EC0-301F-11D3-BF4B-00C04F79EFBC}") = "SolverAOC2024_13", "SolverAOC2024_13\SolverAOC2024_13.csproj", "{B1AF3064-EC5E-4F59-9414-A8C843B775A2}"
EndProject
Project("{FAE04EC0-301F-11D3-BF4B-00C04F79EFBC}") = "SolverAOC2024_14", "SolverAOC2024_14\SolverAOC2024_14.csproj", "{AD457796-3CEE-497C-AE69-53EF8A7D751C}"
EndProject
Project("{FAE04EC0-301F-11D3-BF4B-00C04F79EFBC}") = "SolverAOC2024_15", "SolverAOC2024_15\SolverAOC2024_15.csproj", "{1CB19BE0-656D-4EFB-84C0-6D2A406D3F2F}"
EndProject
Project("{FAE04EC0-301F-11D3-BF4B-00C04F79EFBC}") = "SolverAOC2024_16", "SolverAOC2024_16\SolverAOC2024_16.csproj", "{08E40C5E-86A6-492D-B798-70799936E86A}"
EndProject
Project("{FAE04EC0-301F-11D3-BF4B-00C04F79EFBC}") = "SolverAOC2024_17", "SolverAOC2024_17\SolverAOC2024_17.csproj", "{5FA343F4-7A20-4FDB-9349-248FC089B843}"
EndProject
Project("{FAE04EC0-301F-11D3-BF4B-00C04F79EFBC}") = "SolverAOC2024_18", "SolverAOC2024_18\SolverAOC2024_18.csproj", "{C7D28512-CFA0-4BBB-8453-2C1F321B0C00}"
EndProject
Project("{FAE04EC0-301F-11D3-BF4B-00C04F79EFBC}") = "SolverAOC2024_19", "SolverAOC2024_19\SolverAOC2024_19.csproj", "{57DEB018-2DE8-446D-BFE0-1E6C5435D517}"
EndProject
Project("{FAE04EC0-301F-11D3-BF4B-00C04F79EFBC}") = "SolverAOC2024_20", "SolverAOC2024_20\SolverAOC2024_20.csproj", "{526BB73C-E939-4C8E-9E5F-9B3FFAEE8BCD}"
EndProject
Project("{FAE04EC0-301F-11D3-BF4B-00C04F79EFBC}") = "SolverAOC2024_21", "SolverAOC2024_21\SolverAOC2024_21.csproj", "{2080948D-36CC-46DE-BFFF-99846E253BD1}"
EndProject
Project("{FAE04EC0-301F-11D3-BF4B-00C04F79EFBC}") = "SolverAOC2024_22", "SolverAOC2024_22\SolverAOC2024_22.csproj", "{873ABDDA-1B63-4864-AFFE-988A5B7ACD9C}"
EndProject
Project("{FAE04EC0-301F-11D3-BF4B-00C04F79EFBC}") = "SolverAOC2024_23", "SolverAOC2024_23\SolverAOC2024_23.csproj", "{51476430-573C-4D20-BCBF-1757210878B5}"
EndProject
Project("{FAE04EC0-301F-11D3-BF4B-00C04F79EFBC}") = "SolverAOC2024_24", "SolverAOC2024_24\SolverAOC2024_24.csproj", "{B2FF4A47-2DDA-43EF-8AD5-4F5E93CDA1AB}"
EndProject
Project("{FAE04EC0-301F-11D3-BF4B-00C04F79EFBC}") = "SolverAOC2024_25", "SolverAOC2024_25\SolverAOC2024_25.csproj", "{AB43C47B-9C4A-4677-BF56-27FBEFE34455}"
EndProject
Global
	GlobalSection(SolutionConfigurationPlatforms) = preSolution
		Debug|Any CPU = Debug|Any CPU
		Debug|x64 = Debug|x64
		Debug|x86 = Debug|x86
		Release|Any CPU = Release|Any CPU
		Release|x64 = Release|x64
		Release|x86 = Release|x86
	EndGlobalSection
	GlobalSection(ProjectConfigurationPlatforms) = postSolution
		{046980B3-035B-4F81-9787-F92BCE9FC221}.Debug|Any CPU.ActiveCfg = Debug|Any CPU
		{046980B3-035B-4F81-9787-F92BCE9FC221}.Debug|Any CPU.Build.0 = Debug|Any CPU
		{046980B3-035B-4F81-9787-F92BCE9FC221}.Debug|x64.ActiveCfg = Debug|Any CPU
		{046980B3-035B-4F81-9787-F92BCE9FC221}.Debug|x64.Build.0 = Debug|Any CPU
		{046980B3-035B-4F81-9787-F92BCE9FC221}.Debug|x86.ActiveCfg = Debug|Any CPU
		{046980B3-035B-4F81-9787-F92BCE9FC221}.Debug|x86.Build.0 = Debug|Any CPU
		{046980B3-035B-4F81-9787-F92BCE9FC221}.Release|Any CPU.ActiveCfg = Release|Any CPU
		{046980B3-035B-4F81-9787-F92BCE9FC221}.Release|Any CPU.Build.0 = Release|Any CPU
		{046980B3-035B-4F81-9787-F92BCE9FC221}.Release|x64.ActiveCfg = Release|Any CPU
		{046980B3-035B-4F81-9787-F92BCE9FC221}.Release|x64.Build.0 = Release|Any CPU
		{046980B3-035B-4F81-9787-F92BCE9FC221}.Release|x86.ActiveCfg = Release|Any CPU
		{046980B3-035B-4F81-9787-F92BCE9FC221}.Release|x86.Build.0 = Release|Any CPU
		{283981D9-3B81-4C0D-BBED-F012C6CE97BF}.Debug|Any CPU.ActiveCfg = Debug|Any CPU
		{283981D9-3B81-4C0D-BBED-F012C6CE97BF}.Debug|Any CPU.Build.0 = Debug|Any CPU
		{283981D9-3B81-4C0D-BBED-F012C6CE97BF}.Debug|x64.ActiveCfg = Debug|Any CPU
		{283981D9-3B81-4C0D-BBED-F012C6CE97BF}.Debug|x64.Build.0 = Debug|Any CPU
		{283981D9-3B81-4C0D-BBED-F012C6CE97BF}.Debug|x86.ActiveCfg = Debug|Any CPU
		{283981D9-3B81-4C0D-BBED-F012C6CE97BF}.Debug|x86.Build.0 = Debug|Any CPU
		{283981D9-3B81-4C0D-BBED-F012C6CE97BF}.Release|Any CPU.ActiveCfg = Release|Any CPU
		{283981D9-3B81-4C0D-BBED-F012C6CE97BF}.Release|Any CPU.Build.0 = Release|Any CPU
		{283981D9-3B81-4C0D-BBED-F012C6CE97BF}.Release|x64.ActiveCfg = Release|Any CPU
		{283981D9-3B81-4C0D-BBED-F012C6CE97BF}.Release|x64.Build.0 = Release|Any CPU
		{283981D9-3B81-4C0D-BBED-F012C6CE97BF}.Release|x86.ActiveCfg = Release|Any CPU
		{283981D9-3B81-4C0D-BBED-F012C6CE97BF}.Release|x86.Build.0 = Release|Any CPU
		{8E871211-7987-4960-81C6-25538DFDCA91}.Debug|Any CPU.ActiveCfg = Debug|Any CPU
		{8E871211-7987-4960-81C6-25538DFDCA91}.Debug|Any CPU.Build.0 = Debug|Any CPU
		{8E871211-7987-4960-81C6-25538DFDCA91}.Debug|x64.ActiveCfg = Debug|x64
		{8E871211-7987-4960-81C6-25538DFDCA91}.Debug|x64.Build.0 = Debug|x64
		{8E871211-7987-4960-81C6-25538DFDCA91}.Debug|x86.ActiveCfg = Debug|x86
		{8E871211-7987-4960-81C6-25538DFDCA91}.Debug|x86.Build.0 = Debug|x86
		{8E871211-7987-4960-81C6-25538DFDCA91}.Release|Any CPU.ActiveCfg = Release|Any CPU
		{8E871211-7987-4960-81C6-25538DFDCA91}.Release|Any CPU.Build.0 = Release|Any CPU
		{8E871211-7987-4960-81C6-25538DFDCA91}.Release|x64.ActiveCfg = Release|x64
		{8E871211-7987-4960-81C6-25538DFDCA91}.Release|x64.Build.0 = Release|x64
		{8E871211-7987-4960-81C6-25538DFDCA91}.Release|x86.ActiveCfg = Release|x86
		{8E871211-7987-4960-81C6-25538DFDCA91}.Release|x86.Build.0 = Release|x86
		{EBB07FE7-14EF-48B0-8B9F-F26E1948E0A1}.Debug|Any CPU.ActiveCfg = Debug|Any CPU
		{EBB07FE7-14EF-48B0-8B9F-F26E1948E0A1}.Debug|Any CPU.Build.0 = Debug|Any CPU
		{EBB07FE7-14EF-48B0-8B9F-F26E1948E0A1}.Debug|x64.ActiveCfg = Debug|x64
		{EBB07FE7-14EF-48B0-8B9F-F26E1948E0A1}.Debug|x64.Build.0 = Debug|x64
		{EBB07FE7-14EF-48B0-8B9F-F26E1948E0A1}.Debug|x86.ActiveCfg = Debug|x86
		{EBB07FE7-14EF-48B0-8B9F-F26E1948E0A1}.Debug|x86.Build.0 = Debug|x86
		{EBB07FE7-14EF-48B0-8B9F-F26E1948E0A1}.Release|Any CPU.ActiveCfg = Release|Any CPU
		{EBB07FE7-14EF-48B0-8B9F-F26E1948E0A1}.Release|Any CPU.Build.0 = Release|Any CPU
		{EBB07FE7-14EF-48B0-8B9F-F26E1948E0A1}.Release|x64.ActiveCfg = Release|x64
		{EBB07FE7-14EF-48B0-8B9F-F26E1948E0A1}.Release|x64.Build.0 = Release|x64
		{EBB07FE7-14EF-48B0-8B9F-F26E1948E0A1}.Release|x86.ActiveCfg = Release|x86
		{EBB07FE7-14EF-48B0-8B9F-F26E1948E0A1}.Release|x86.Build.0 = Release|x86
		{56F2C6C2-40CD-4F04-A09B-07346E16851A}.Debug|Any CPU.ActiveCfg = Debug|Any CPU
		{56F2C6C2-40CD-4F04-A09B-07346E16851A}.Debug|Any CPU.Build.0 = Debug|Any CPU
		{56F2C6C2-40CD-4F04-A09B-07346E16851A}.Debug|x64.ActiveCfg = Debug|x64
		{56F2C6C2-40CD-4F04-A09B-07346E16851A}.Debug|x64.Build.0 = Debug|x64
		{56F2C6C2-40CD-4F04-A09B-07346E16851A}.Debug|x86.ActiveCfg = Debug|x86
		{56F2C6C2-40CD-4F04-A09B-07346E16851A}.Debug|x86.Build.0 = Debug|x86
		{56F2C6C2-40CD-4F04-A09B-07346E16851A}.Release|Any CPU.ActiveCfg = Release|Any CPU
		{56F2C6C2-40CD-4F04-A09B-07346E16851A}.Release|Any CPU.Build.0 = Release|Any CPU
		{56F2C6C2-40CD-4F04-A09B-07346E16851A}.Release|x64.ActiveCfg = Release|x64
		{56F2C6C2-40CD-4F04-A09B-07346E16851A}.Release|x64.Build.0 = Release|x64
		{56F2C6C2-40CD-4F04-A09B-07346E16851A}.Release|x86.ActiveCfg = Release|x86
		{56F2C6C2-40CD-4F04-A09B-07346E16851A}.Release|x86.Build.0 = Release|x86
		{F2C5E36E-F9D0-4366-8337-A26D117C0AD1}.Debug|Any CPU.ActiveCfg = Debug|Any CPU
		{F2C5E36E-F9D0-4366-8337-A26D117C0AD1}.Debug|Any CPU.Build.0 = Debug|Any CPU
		{F2C5E36E-F9D0-4366-8337-A26D117C0AD1}.Debug|x64.ActiveCfg = Debug|x64
		{F2C5E36E-F9D0-4366-8337-A26D117C0AD1}.Debug|x64.Build.0 = Debug|x64
		{F2C5E36E-F9D0-4366-8337-A26D117C0AD1}.Debug|x86.ActiveCfg = Debug|x86
		{F2C5E36E-F9D0-4366-8337-A26D117C0AD1}.Debug|x86.Build.0 = Debug|x86
		{F2C5E36E-F9D0-4366-8337-A26D117C0AD1}.Release|Any CPU.ActiveCfg = Release|Any CPU
		{F2C5E36E-F9D0-4366-8337-A26D117C0AD1}.Release|Any CPU.Build.0 = Release|Any CPU
		{F2C5E36E-F9D0-4366-8337-A26D117C0AD1}.Release|x64.ActiveCfg = Release|x64
		{F2C5E36E-F9D0-4366-8337-A26D117C0AD1}.Release|x64.Build.0 = Release|x64
		{F2C5E36E-F9D0-4366-8337-A26D117C0AD1}.Release|x86.ActiveCfg = Release|x86
		{F2C5E36E-F9D0-4366-8337-A26D117C0AD1}.Release|x86.Build.0 = Release|x86
		{8FE03FD2-81E6-49C8-BA0D-C43C5C9CC755}.Debug|Any CPU.ActiveCfg = Debug|Any CPU
		{8FE03FD2-81E6-49C8-BA0D-C43C5C9CC755}.Debug|Any CPU.Build.0 = Debug|Any CPU
		{8FE03FD2-81E6-49C8-BA0D-C43C5C9CC755}.Debug|x64.ActiveCfg = Debug|x64
		{8FE03FD2-81E6-49C8-BA0D-C43C5C9CC755}.Debug|x64.Build.0 = Debug|x64
		{8FE03FD2-81E6-49C8-BA0D-C43C5C9CC755}.Debug|x86.ActiveCfg = Debug|x86
		{8FE03FD2-81E6-49C8-BA0D-C43C5C9CC755}.Debug|x86.Build.0 = Debug|x86
		{8FE03FD2-81E6-49C8-BA0D-C43C5C9CC755}.Release|Any CPU.ActiveCfg = Release|Any CPU
		{8FE03FD2-81E6-49C8-BA0D-C43C5C9CC755}.Release|Any CPU.Build.0 = Release|Any CPU
		{8FE03FD2-81E6-49C8-BA0D-C43C5C9CC755}.Release|x64.ActiveCfg = Release|x64
		{8FE03FD2-81E6-49C8-BA0D-C43C5C9CC755}.Release|x64.Build.0 = Release|x64
		{8FE03FD2-81E6-49C8-BA0D-C43C5C9CC755}.Release|x86.ActiveCfg = Release|x86
		{8FE03FD2-81E6-49C8-BA0D-C43C5C9CC755}.Release|x86.Build.0 = Release|x86
		{0D52EFE1-908D-4CD6-94A2-A2A6455119B8}.Debug|Any CPU.ActiveCfg = Debug|Any CPU
		{0D52EFE1-908D-4CD6-94A2-A2A6455119B8}.Debug|Any CPU.Build.0 = Debug|Any CPU
		{0D52EFE1-908D-4CD6-94A2-A2A6455119B8}.Debug|x64.ActiveCfg = Debug|x64
		{0D52EFE1-908D-4CD6-94A2-A2A6455119B8}.Debug|x64.Build.0 = Debug|x64
		{0D52EFE1-908D-4CD6-94A2-A2A6455119B8}.Debug|x86.ActiveCfg = Debug|x86
		{0D52EFE1-908D-4CD6-94A2-A2A6455119B8}.Debug|x86.Build.0 = Debug|x86
		{0D52EFE1-908D-4CD6-94A2-A2A6455119B8}.Release|Any CPU.ActiveCfg = Release|Any CPU
		{0D52EFE1-908D-4CD6-94A2-A2A6455119B8}.Release|Any CPU.Build.0 = Release|Any CPU
		{0D52EFE1-908D-4CD6-94A2-A2A6455119B8}.Release|x64.ActiveCfg = Release|x64
		{0D52EFE1-908D-4CD6-94A2-A2A6455119B8}.Release|x64.Build.0 = Release|x64
		{0D52EFE1-908D-4CD6-94A2-A2A6455119B8}.Release|x86.ActiveCfg = Release|x86
		{0D52EFE1-908D-4CD6-94A2-A2A6455119B8}.Release|x86.Build.0 = Release|x86
		{D22515AD-89D0-49A3-BA0E-B00BE11D72AA}.Debug|Any CPU.ActiveCfg = Debug|Any CPU
		{D22515AD-89D0-49A3-BA0E-B00BE11D72AA}.Debug|Any CPU.Build.0 = Debug|Any CPU
		{D22515AD-89D0-49A3-BA0E-B00BE11D72AA}.Debug|x64.ActiveCfg = Debug|x64
		{D22515AD-89D0-49A3-BA0E-B00BE11D72AA}.Debug|x64.Build.0 = Debug|x64
		{D22515AD-89D0-49A3-BA0E-B00BE11D72AA}.Debug|x86.ActiveCfg = Debug|x86
		{D22515AD-89D0-49A3-BA0E-B00BE11D72AA}.Debug|x86.Build.0 = Debug|x86
		{D22515AD-89D0-49A3-BA0E-B00BE11D72AA}.Release|Any CPU.ActiveCfg = Release|Any CPU
		{D22515AD-89D0-49A3-BA0E-B00BE11D72AA}.Release|Any CPU.Build.0 = Release|Any CPU
		{D22515AD-89D0-49A3-BA0E-B00BE11D72AA}.Release|x64.ActiveCfg = Release|x64
		{D22515AD-89D0-49A3-BA0E-B00BE11D72AA}.Release|x64.Build.0 = Release|x64
		{D22515AD-89D0-49A3-BA0E-B00BE11D72AA}.Release|x86.ActiveCfg = Release|x86
		{D22515AD-89D0-49A3-BA0E-B00BE11D72AA}.Release|x86.Build.0 = Release|x86
		{33259DEF-2C04-4F51-9285-723DC0BAAA04}.Debug|Any CPU.ActiveCfg = Debug|Any CPU
		{33259DEF-2C04-4F51-9285-723DC0BAAA04}.Debug|Any CPU.Build.0 = Debug|Any CPU
		{33259DEF-2C04-4F51-9285-723DC0BAAA04}.Debug|x64.ActiveCfg = Debug|x64
		{33259DEF-2C04-4F51-9285-723DC0BAAA04}.Debug|x64.Build.0 = Debug|x64
		{33259DEF-2C04-4F51-9285-723DC0BAAA04}.Debug|x86.ActiveCfg = Debug|x86
		{33259DEF-2C04-4F51-9285-723DC0BAAA04}.Debug|x86.Build.0 = Debug|x86
		{33259DEF-2C04-4F51-9285-723DC0BAAA04}.Release|Any CPU.ActiveCfg = Release|Any CPU
		{33259DEF-2C04-4F51-9285-723DC0BAAA04}.Release|Any CPU.Build.0 = Release|Any CPU
		{33259DEF-2C04-4F51-9285-723DC0BAAA04}.Release|x64.ActiveCfg = Release|x64
		{33259DEF-2C04-4F51-9285-723DC0BAAA04}.Release|x64.Build.0 = Release|x64
		{33259DEF-2C04-4F51-9285-723DC0BAAA04}.Release|x86.ActiveCfg = Release|x86
		{33259DEF-2C04-4F51-9285-723DC0BAAA04}.Release|x86.Build.0 = Release|x86
		{CDC18415-A858-4441-91B2-C538BAB49A54}.Debug|Any CPU.ActiveCfg = Debug|Any CPU
		{CDC18415-A858-4441-91B2-C538BAB49A54}.Debug|Any CPU.Build.0 = Debug|Any CPU
		{CDC18415-A858-4441-91B2-C538BAB49A54}.Debug|x64.ActiveCfg = Debug|x64
		{CDC18415-A858-4441-91B2-C538BAB49A54}.Debug|x64.Build.0 = Debug|x64
		{CDC18415-A858-4441-91B2-C538BAB49A54}.Debug|x86.ActiveCfg = Debug|x86
		{CDC18415-A858-4441-91B2-C538BAB49A54}.Debug|x86.Build.0 = Debug|x86
		{CDC18415-A858-4441-91B2-C538BAB49A54}.Release|Any CPU.ActiveCfg = Release|Any CPU
		{CDC18415-A858-4441-91B2-C538BAB49A54}.Release|Any CPU.Build.0 = Release|Any CPU
		{CDC18415-A858-4441-91B2-C538BAB49A54}.Release|x64.ActiveCfg = Release|x64
		{CDC18415-A858-4441-91B2-C538BAB49A54}.Release|x64.Build.0 = Release|x64
		{CDC18415-A858-4441-91B2-C538BAB49A54}.Release|x86.ActiveCfg = Release|x86
		{CDC18415-A858-4441-91B2-C538BAB49A54}.Release|x86.Build.0 = Release|x86
		{8C3E201E-DAD2-4C58-B09D-4FB02BE41B0B}.Debug|Any CPU.ActiveCfg = Debug|Any CPU
		{8C3E201E-DAD2-4C58-B09D-4FB02BE41B0B}.Debug|Any CPU.Build.0 = Debug|Any CPU
		{8C3E201E-DAD2-4C58-B09D-4FB02BE41B0B}.Debug|x64.ActiveCfg = Debug|x64
		{8C3E201E-DAD2-4C58-B09D-4FB02BE41B0B}.Debug|x64.Build.0 = Debug|x64
		{8C3E201E-DAD2-4C58-B09D-4FB02BE41B0B}.Debug|x86.ActiveCfg = Debug|x86
		{8C3E201E-DAD2-4C58-B09D-4FB02BE41B0B}.Debug|x86.Build.0 = Debug|x86
		{8C3E201E-DAD2-4C58-B09D-4FB02BE41B0B}.Release|Any CPU.ActiveCfg = Release|Any CPU
		{8C3E201E-DAD2-4C58-B09D-4FB02BE41B0B}.Release|Any CPU.Build.0 = Release|Any CPU
		{8C3E201E-DAD2-4C58-B09D-4FB02BE41B0B}.Release|x64.ActiveCfg = Release|x64
		{8C3E201E-DAD2-4C58-B09D-4FB02BE41B0B}.Release|x64.Build.0 = Release|x64
		{8C3E201E-DAD2-4C58-B09D-4FB02BE41B0B}.Release|x86.ActiveCfg = Release|x86
		{8C3E201E-DAD2-4C58-B09D-4FB02BE41B0B}.Release|x86.Build.0 = Release|x86
		{318E1A8B-4D7B-47AC-A1A7-2A79093185F6}.Debug|Any CPU.ActiveCfg = Debug|Any CPU
		{318E1A8B-4D7B-47AC-A1A7-2A79093185F6}.Debug|Any CPU.Build.0 = Debug|Any CPU
		{318E1A8B-4D7B-47AC-A1A7-2A79093185F6}.Debug|x64.ActiveCfg = Debug|x64
		{318E1A8B-4D7B-47AC-A1A7-2A79093185F6}.Debug|x64.Build.0 = Debug|x64
		{318E1A8B-4D7B-47AC-A1A7-2A79093185F6}.Debug|x86.ActiveCfg = Debug|x86
		{318E1A8B-4D7B-47AC-A1A7-2A79093185F6}.Debug|x86.Build.0 = Debug|x86
		{318E1A8B-4D7B-47AC-A1A7-2A79093185F6}.Release|Any CPU.ActiveCfg = Release|Any CPU
		{318E1A8B-4D7B-47AC-A1A7-2A79093185F6}.Release|Any CPU.Build.0 = Release|Any CPU
		{318E1A8B-4D7B-47AC-A1A7-2A79093185F6}.Release|x64.ActiveCfg = Release|x64
		{318E1A8B-4D7B-47AC-A1A7-2A79093185F6}.Release|x64.Build.0 = Release|x64
		{318E1A8B-4D7B-47AC-A1A7-2A79093185F6}.Release|x86.ActiveCfg = Release|x86
		{318E1A8B-4D7B-47AC-A1A7-2A79093185F6}.Release|x86.Build.0 = Release|x86
		{1BF88AB0-0C13-4263-A4AA-8819B35243B7}.Debug|Any CPU.ActiveCfg = Debug|Any CPU
		{1BF88AB0-0C13-4263-A4AA-8819B35243B7}.Debug|Any CPU.Build.0 = Debug|Any CPU
		{1BF88AB0-0C13-4263-A4AA-8819B35243B7}.Debug|x64.ActiveCfg = Debug|x64
		{1BF88AB0-0C13-4263-A4AA-8819B35243B7}.Debug|x64.Build.0 = Debug|x64
		{1BF88AB0-0C13-4263-A4AA-8819B35243B7}.Debug|x86.ActiveCfg = Debug|x86
		{1BF88AB0-0C13-4263-A4AA-8819B35243B7}.Debug|x86.Build.0 = Debug|x86
		{1BF88AB0-0C13-4263-A4AA-8819B35243B7}.Release|Any CPU.ActiveCfg = Release|Any CPU
		{1BF88AB0-0C13-4263-A4AA-8819B35243B7}.Release|Any CPU.Build.0 = Release|Any CPU
		{1BF88AB0-0C13-4263-A4AA-8819B35243B7}.Release|x64.ActiveCfg = Release|x64
		{1BF88AB0-0C13-4263-A4AA-8819B35243B7}.Release|x64.Build.0 = Release|x64
		{1BF88AB0-0C13-4263-A4AA-8819B35243B7}.Release|x86.ActiveCfg = Release|x86
		{1BF88AB0-0C13-4263-A4AA-8819B35243B7}.Release|x86.Build.0 = Release|x86
		{78125B9D-145C-4E8C-B143-1357286975C5}.Debug|Any CPU.ActiveCfg = Debug|Any CPU
		{78125B9D-145C-4E8C-B143-1357286975C5}.Debug|Any CPU.Build.0 = Debug|Any CPU
		{78125B9D-145C-4E8C-B143-1357286975C5}.Debug|x64.ActiveCfg = Debug|x64
		{78125B9D-145C-4E8C-B143-1357286975C5}.Debug|x64.Build.0 = Debug|x64
		{78125B9D-145C-4E8C-B143-1357286975C5}.Debug|x86.ActiveCfg = Debug|x86
		{78125B9D-145C-4E8C-B143-1357286975C5}.Debug|x86.Build.0 = Debug|x86
		{78125B9D-145C-4E8C-B143-1357286975C5}.Release|Any CPU.ActiveCfg = Release|Any CPU
		{78125B9D-145C-4E8C-B143-1357286975C5}.Release|Any CPU.Build.0 = Release|Any CPU
		{78125B9D-145C-4E8C-B143-1357286975C5}.Release|x64.ActiveCfg = Release|x64
		{78125B9D-145C-4E8C-B143-1357286975C5}.Release|x64.Build.0 = Release|x64
		{78125B9D-145C-4E8C-B143-1357286975C5}.Release|x86.ActiveCfg = Release|x86
		{78125B9D-145C-4E8C-B143-1357286975C5}.Release|x86.Build.0 = Release|x86
		{1BD98011-64C9-4BED-81D9-B691E3B011DE}.Debug|Any CPU.ActiveCfg = Debug|Any CPU
		{1BD98011-64C9-4BED-81D9-B691E3B011DE}.Debug|Any CPU.Build.0 = Debug|Any CPU
		{1BD98011-64C9-4BED-81D9-B691E3B011DE}.Debug|x64.ActiveCfg = Debug|x64
		{1BD98011-64C9-4BED-81D9-B691E3B011DE}.Debug|x64.Build.0 = Debug|x64
		{1BD98011-64C9-4BED-81D9-B691E3B011DE}.Debug|x86.ActiveCfg = Debug|x86
		{1BD98011-64C9-4BED-81D9-B691E3B011DE}.Debug|x86.Build.0 = Debug|x86
		{1BD98011-64C9-4BED-81D9-B691E3B011DE}.Release|Any CPU.ActiveCfg = Release|Any CPU
		{1BD98011-64C9-4BED-81D9-B691E3B011DE}.Release|Any CPU.Build.0 = Release|Any CPU
		{1BD98011-64C9-4BED-81D9-B691E3B011DE}.Release|x64.ActiveCfg = Release|x64
		{1BD98011-64C9-4BED-81D9-B691E3B011DE}.Release|x64.Build.0 = Release|x64
		{1BD98011-64C9-4BED-81D9-B691E3B011DE}.Release|x86.ActiveCfg = Release|x86
		{1BD98011-64C9-4BED-81D9-B691E3B011DE}.Release|x86.Build.0 = Release|x86
		{B1AF3064-EC5E-4F59-9414-A8C843B775A2}.Debug|Any CPU.ActiveCfg = Debug|Any CPU
		{B1AF3064-EC5E-4F59-9414-A8C843B775A2}.Debug|Any CPU.Build.0 = Debug|Any CPU
		{B1AF3064-EC5E-4F59-9414-A8C843B775A2}.Debug|x64.ActiveCfg = Debug|x64
		{B1AF3064-EC5E-4F59-9414-A8C843B775A2}.Debug|x64.Build.0 = Debug|x64
		{B1AF3064-EC5E-4F59-9414-A8C843B775A2}.Debug|x86.ActiveCfg = Debug|x86
		{B1AF3064-EC5E-4F59-9414-A8C843B775A2}.Debug|x86.Build.0 = Debug|x86
		{B1AF3064-EC5E-4F59-9414-A8C843B775A2}.Release|Any CPU.ActiveCfg = Release|Any CPU
		{B1AF3064-EC5E-4F59-9414-A8C843B775A2}.Release|Any CPU.Build.0 = Release|Any CPU
		{B1AF3064-EC5E-4F59-9414-A8C843B775A2}.Release|x64.ActiveCfg = Release|x64
		{B1AF3064-EC5E-4F59-9414-A8C843B775A2}.Release|x64.Build.0 = Release|x64
		{B1AF3064-EC5E-4F59-9414-A8C843B775A2}.Release|x86.ActiveCfg = Release|x86
		{B1AF3064-EC5E-4F59-9414-A8C843B775A2}.Release|x86.Build.0 = Release|x86
		{AD457796-3CEE-497C-AE69-53EF8A7D751C}.Debug|Any CPU.ActiveCfg = Debug|Any CPU
		{AD457796-3CEE-497C-AE69-53EF8A7D751C}.Debug|Any CPU.Build.0 = Debug|Any CPU
		{AD457796-3CEE-497C-AE69-53EF8A7D751C}.Debug|x64.ActiveCfg = Debug|x64
		{AD457796-3CEE-497C-AE69-53EF8A7D751C}.Debug|x64.Build.0 = Debug|x64
		{AD457796-3CEE-497C-AE69-53EF8A7D751C}.Debug|x86.ActiveCfg = Debug|x86
		{AD457796-3CEE-497C-AE69-53EF8A7D751C}.Debug|x86.Build.0 = Debug|x86
		{AD457796-3CEE-497C-AE69-53EF8A7D751C}.Release|Any CPU.ActiveCfg = Release|Any CPU
		{AD457796-3CEE-497C-AE69-53EF8A7D751C}.Release|Any CPU.Build.0 = Release|Any CPU
		{AD457796-3CEE-497C-AE69-53EF8A7D751C}.Release|x64.ActiveCfg = Release|x64
		{AD457796-3CEE-497C-AE69-53EF8A7D751C}.Release|x64.Build.0 = Release|x64
		{AD457796-3CEE-497C-AE69-53EF8A7D751C}.Release|x86.ActiveCfg = Release|x86
		{AD457796-3CEE-497C-AE69-53EF8A7D751C}.Release|x86.Build.0 = Release|x86
		{1CB19BE0-656D-4EFB-84C0-6D2A406D3F2F}.Debug|Any CPU.ActiveCfg = Debug|Any CPU
		{1CB19BE0-656D-4EFB-84C0-6D2A406D3F2F}.Debug|Any CPU.Build.0 = Debug|Any CPU
		{1CB19BE0-656D-4EFB-84C0-6D2A406D3F2F}.Debug|x64.ActiveCfg = Debug|x64
		{1CB19BE0-656D-4EFB-84C0-6D2A406D3F2F}.Debug|x64.Build.0 = Debug|x64
		{1CB19BE0-656D-4EFB-84C0-6D2A406D3F2F}.Debug|x86.ActiveCfg = Debug|x86
		{1CB19BE0-656D-4EFB-84C0-6D2A406D3F2F}.Debug|x86.Build.0 = Debug|x86
		{1CB19BE0-656D-4EFB-84C0-6D2A406D3F2F}.Release|Any CPU.ActiveCfg = Release|Any CPU
		{1CB19BE0-656D-4EFB-84C0-6D2A406D3F2F}.Release|Any CPU.Build.0 = Release|Any CPU
		{1CB19BE0-656D-4EFB-84C0-6D2A406D3F2F}.Release|x64.ActiveCfg = Release|x64
		{1CB19BE0-656D-4EFB-84C0-6D2A406D3F2F}.Release|x64.Build.0 = Release|x64
		{1CB19BE0-656D-4EFB-84C0-6D2A406D3F2F}.Release|x86.ActiveCfg = Release|x86
		{1CB19BE0-656D-4EFB-84C0-6D2A406D3F2F}.Release|x86.Build.0 = Release|x86
		{08E40C5E-86A6-492D-B798-70799936E86A}.Debug|Any CPU.ActiveCfg = Debug|Any CPU
		{08E40C5E-86A6-492D-B798-70799936E86A}.Debug|Any CPU.Build.0 = Debug|Any CPU
		{08E40C5E-86A6-492D-B798-70799936E86A}.Debug|x64.ActiveCfg = Debug|x64
		{08E40C5E-86A6-492D-B798-70799936E86A}.Debug|x64.Build.0 = Debug|x64
		{08E40C5E-86A6-492D-B798-70799936E86A}.Debug|x86.ActiveCfg = Debug|x86
		{08E40C5E-86A6-492D-B798-70799936E86A}.Debug|x86.Build.0 = Debug|x86
		{08E40C5E-86A6-492D-B798-70799936E86A}.Release|Any CPU.ActiveCfg = Release|Any CPU
		{08E40C5E-86A6-492D-B798-70799936E86A}.Release|Any CPU.Build.0 = Release|Any CPU
		{08E40C5E-86A6-492D-B798-70799936E86A}.Release|x64.ActiveCfg = Release|x64
		{08E40C5E-86A6-492D-B798-70799936E86A}.Release|x64.Build.0 = Release|x64
		{08E40C5E-86A6-492D-B798-70799936E86A}.Release|x86.ActiveCfg = Release|x86
		{08E40C5E-86A6-492D-B798-70799936E86A}.Release|x86.Build.0 = Release|x86
		{5FA343F4-7A20-4FDB-9349-248FC089B843}.Debug|Any CPU.ActiveCfg = Debug|Any CPU
		{5FA343F4-7A20-4FDB-9349-248FC089B843}.Debug|Any CPU.Build.0 = Debug|Any CPU
		{5FA343F4-7A20-4FDB-9349-248FC089B843}.Debug|x64.ActiveCfg = Debug|x64
		{5FA343F4-7A20-4FDB-9349-248FC089B843}.Debug|x64.Build.0 = Debug|x64
		{5FA343F4-7A20-4FDB-9349-248FC089B843}.Debug|x86.ActiveCfg = Debug|x86
		{5FA343F4-7A20-4FDB-9349-248FC089B843}.Debug|x86.Build.0 = Debug|x86
		{5FA343F4-7A20-4FDB-9349-248FC089B843}.Release|Any CPU.ActiveCfg = Release|Any CPU
		{5FA343F4-7A20-4FDB-9349-248FC089B843}.Release|Any CPU.Build.0 = Release|Any CPU
		{5FA343F4-7A20-4FDB-9349-248FC089B843}.Release|x64.ActiveCfg = Release|x64
		{5FA343F4-7A20-4FDB-9349-248FC089B843}.Release|x64.Build.0 = Release|x64
		{5FA343F4-7A20-4FDB-9349-248FC089B843}.Release|x86.ActiveCfg = Release|x86
		{5FA343F4-7A20-4FDB-9349-248FC089B843}.Release|x86.Build.0 = Release|x86
		{C7D28512-CFA0-4BBB-8453-2C1F321B0C00}.Debug|Any CPU.ActiveCfg = Debug|Any CPU
		{C7D28512-CFA0-4BBB-8453-2C1F321B0C00}.Debug|Any CPU.Build.0 = Debug|Any CPU
		{C7D28512-CFA0-4BBB-8453-2C1F321B0C00}.Debug|x64.ActiveCfg = Debug|x64
		{C7D28512-CFA0-4BBB-8453-2C1F321B0C00}.Debug|x64.Build.0 = Debug|x64
		{C7D28512-CFA0-4BBB-8453-2C1F321B0C00}.Debug|x86.ActiveCfg = Debug|x86
		{C7D28512-CFA0-4BBB-8453-2C1F321B0C00}.Debug|x86.Build.0 = Debug|x86
		{C7D28512-CFA0-4BBB-8453-2C1F321B0C00}.Release|Any CPU.ActiveCfg = Release|Any CPU
		{C7D28512-CFA0-4BBB-8453-2C1F321B0C00}.Release|Any CPU.Build.0 = Release|Any CPU
		{C7D28512-CFA0-4BBB-8453-2C1F321B0C00}.Release|x64.ActiveCfg = Release|x64
		{C7D28512-CFA0-4BBB-8453-2C1F321B0C00}.Release|x64.Build.0 = Release|x64
		{C7D28512-CFA0-4BBB-8453-2C1F321B0C00}.Release|x86.ActiveCfg = Release|x86
		{C7D28512-CFA0-4BBB-8453-2C1F321B0C00}.Release|x86.Build.0 = Release|x86
		{57DEB018-2DE8-446D-BFE0-1E6C5435D517}.Debug|Any CPU.ActiveCfg = Debug|Any CPU
		{57DEB018-2DE8-446D-BFE0-1E6C5435D517}.Debug|Any CPU.Build.0 = Debug|Any CPU
		{57DEB018-2DE8-446D-BFE0-1E6C5435D517}.Debug|x64.ActiveCfg = Debug|x64
		{57DEB018-2DE8-446D-BFE0-1E6C5435D517}.Debug|x64.Build.0 = Debug|x64
		{57DEB018-2DE8-446D-BFE0-1E6C5435D517}.Debug|x86.ActiveCfg = Debug|x86
		{57DEB018-2DE8-446D-BFE0-1E6C5435D517}.Debug|x86.Build.0 = Debug|x86
		{57DEB018-2DE8-446D-BFE0-1E6C5435D517}.Release|Any CPU.ActiveCfg = Release|Any CPU
		{57DEB018-2DE8-446D-BFE0-1E6C5435D517}.Release|Any CPU.Build.0 = Release|Any CPU
		{57DEB018-2DE8-446D-BFE0-1E6C5435D517}.Release|x64.ActiveCfg = Release|x64
		{57DEB018-2DE8-446D-BFE0-1E6C5435D517}.Release|x64.Build.0 = Release|x64
		{57DEB018-2DE8-446D-BFE0-1E6C5435D517}.Release|x86.ActiveCfg = Release|x86
		{57DEB018-2DE8-446D-BFE0-1E6C5435D517}.Release|x86.Build.0 = Release|x86
		{526BB73C-E939-4C8E-9E5F-9B3FFAEE8BCD}.Debug|Any CPU.ActiveCfg = Debug|Any CPU
		{526BB73C-E939-4C8E-9E5F-9B3FFAEE8BCD}.Debug|Any CPU.Build.0 = Debug|Any CPU
		{526BB73C-E939-4C8E-9E5F-9B3FFAEE8BCD}.Debug|x64.ActiveCfg = Debug|x64
		{526BB73C-E939-4C8E-9E5F-9B3FFAEE8BCD}.Debug|x64.Build.0 = Debug|x64
		{526BB73C-E939-4C8E-9E5F-9B3FFAEE8BCD}.Debug|x86.ActiveCfg = Debug|x86
		{526BB73C-E939-4C8E-9E5F-9B3FFAEE8BCD}.Debug|x86.Build.0 = Debug|x86
		{526BB73C-E939-4C8E-9E5F-9B3FFAEE8BCD}.Release|Any CPU.ActiveCfg = Release|Any CPU
		{526BB73C-E939-4C8E-9E5F-9B3FFAEE8BCD}.Release|Any CPU.Build.0 = Release|Any CPU
		{526BB73C-E939-4C8E-9E5F-9B3FFAEE8BCD}.Release|x64.ActiveCfg = Release|x64
		{526BB73C-E939-4C8E-9E5F-9B3FFAEE8BCD}.Release|x64.Build.0 = Release|x64
		{526BB73C-E939-4C8E-9E5F-9B3FFAEE8BCD}.Release|x86.ActiveCfg = Release|x86
		{526BB73C-E939-4C8E-9E5F-9B3FFAEE8BCD}.Release|x86.Build.0 = Release|x86
		{2080948D-36CC-46DE-BFFF-99846E253BD1}.Debug|Any CPU.ActiveCfg = Debug|Any CPU
		{2080948D-36CC-46DE-BFFF-99846E253BD1}.Debug|Any CPU.Build.0 = Debug|Any CPU
		{2080948D-36CC-46DE-BFFF-99846E253BD1}.Debug|x64.ActiveCfg = Debug|x64
		{2080948D-36CC-46DE-BFFF-99846E253BD1}.Debug|x64.Build.0 = Debug|x64
		{2080948D-36CC-46DE-BFFF-99846E253BD1}.Debug|x86.ActiveCfg = Debug|x86
		{2080948D-36CC-46DE-BFFF-99846E253BD1}.Debug|x86.Build.0 = Debug|x86
		{2080948D-36CC-46DE-BFFF-99846E253BD1}.Release|Any CPU.ActiveCfg = Release|Any CPU
		{2080948D-36CC-46DE-BFFF-99846E253BD1}.Release|Any CPU.Build.0 = Release|Any CPU
		{2080948D-36CC-46DE-BFFF-99846E253BD1}.Release|x64.ActiveCfg = Release|x64
		{2080948D-36CC-46DE-BFFF-99846E253BD1}.Release|x64.Build.0 = Release|x64
		{2080948D-36CC-46DE-BFFF-99846E253BD1}.Release|x86.ActiveCfg = Release|x86
		{2080948D-36CC-46DE-BFFF-99846E253BD1}.Release|x86.Build.0 = Release|x86
		{873ABDDA-1B63-4864-AFFE-988A5B7ACD9C}.Debug|Any CPU.ActiveCfg = Debug|Any CPU
		{873ABDDA-1B63-4864-AFFE-988A5B7ACD9C}.Debug|Any CPU.Build.0 = Debug|Any CPU
		{873ABDDA-1B63-4864-AFFE-988A5B7ACD9C}.Debug|x64.ActiveCfg = Debug|x64
		{873ABDDA-1B63-4864-AFFE-988A5B7ACD9C}.Debug|x64.Build.0 = Debug|x64
		{873ABDDA-1B63-4864-AFFE-988A5B7ACD9C}.Debug|x86.ActiveCfg = Debug|x86
		{873ABDDA-1B63-4864-AFFE-988A5B7ACD9C}.Debug|x86.Build.0 = Debug|x86
		{873ABDDA-1B63-4864-AFFE-988A5B7ACD9C}.Release|Any CPU.ActiveCfg = Release|Any CPU
		{873ABDDA-1B63-4864-AFFE-988A5B7ACD9C}.Release|Any CPU.Build.0 = Release|Any CPU
		{873ABDDA-1B63-4864-AFFE-988A5B7ACD9C}.Release|x64.ActiveCfg = Release|x64
		{873ABDDA-1B63-4864-AFFE-988A5B7ACD9C}.Release|x64.Build.0 = Release|x64
		{873ABDDA-1B63-4864-AFFE-988A5B7ACD9C}.Release|x86.ActiveCfg = Release|x86
		{873ABDDA-1B63-4864-AFFE-988A5B7ACD9C}.Release|x86.Build.0 = Release|x86
		{51476430-573C-4D20-BCBF-1757210878B5}.Debug|Any CPU.ActiveCfg = Debug|Any CPU
		{51476430-573C-4D20-BCBF-1757210878B5}.Debug|Any CPU.Build.0 = Debug|Any CPU
		{51476430-573C-4D20-BCBF-1757210878B5}.Debug|x64.ActiveCfg = Debug|x64
		{51476430-573C-4D20-BCBF-1757210878B5}.Debug|x64.Build.0 = Debug|x64
		{51476430-573C-4D20-BCBF-1757210878B5}.Debug|x86.ActiveCfg = Debug|x86
		{51476430-573C-4D20-BCBF-1757210878B5}.Debug|x86.Build.0 = Debug|x86
		{51476430-573C-4D20-BCBF-1757210878B5}.Release|Any CPU.ActiveCfg = Release|Any CPU
		{51476430-573C-4D20-BCBF-1757210878B5}.Release|Any CPU.Build.0 = Release|Any CPU
		{51476430-573C-4D20-BCBF-1757210878B5}.Release|x64.ActiveCfg = Release|x64
		{51476430-573C-4D20-BCBF-1757210878B5}.Release|x64.Build.0 = Release|x64
		{51476430-573C-4D20-BCBF-1757210878B5}.Release|x86.ActiveCfg = Release|x86
		{51476430-573C-4D20-BCBF-1757210878B5}.Release|x86.Build.0 = Release|x86
		{B2FF4A47-2DDA-43EF-8AD5-4F5E93CDA1AB}.Debug|Any CPU.ActiveCfg = Debug|Any CPU
		{B2FF4A47-2DDA-43EF-8AD5-4F5E93CDA1AB}.Debug|Any CPU.Build.0 = Debug|Any CPU
		{B2FF4A47-2DDA-43EF-8AD5-4F5E93CDA1AB}.Debug|x64.ActiveCfg = Debug|x64
		{B2FF4A47-2DDA-43EF-8AD5-4F5E93CDA1AB}.Debug|x64.Build.0 = Debug|x64
		{B2FF4A47-2DDA-43EF-8AD5-4F5E93CDA1AB}.Debug|x86.ActiveCfg = Debug|x86
		{B2FF4A47-2DDA-43EF-8AD5-4F5E93CDA1AB}.Debug|x86.Build.0 = Debug|x86
		{B2FF4A47-2DDA-43EF-8AD5-4F5E93CDA1AB}.Release|Any CPU.ActiveCfg = Release|Any CPU
		{B2FF4A47-2DDA-43EF-8AD5-4F5E93CDA1AB}.Release|Any CPU.Build.0 = Release|Any CPU
		{B2FF4A47-2DDA-43EF-8AD5-4F5E93CDA1AB}.Release|x64.ActiveCfg = Release|x64
		{B2FF4A47-2DDA-43EF-8AD5-4F5E93CDA1AB}.Release|x64.Build.0 = Release|x64
		{B2FF4A47-2DDA-43EF-8AD5-4F5E93CDA1AB}.Release|x86.ActiveCfg = Release|x86
		{B2FF4A47-2DDA-43EF-8AD5-4F5E93CDA1AB}.Release|x86.Build.0 = Release|x86
		{AB43C47B-9C4A-4677-BF56-27FBEFE34455}.Debug|Any CPU.ActiveCfg = Debug|Any CPU
		{AB43C47B-9C4A-4677-BF56-27FBEFE34455}.Debug|Any CPU.Build.0 = Debug|Any CPU
		{AB43C47B-9C4A-4677-BF56-27FBEFE34455}.Debug|x64.ActiveCfg = Debug|x64
		{AB43C47B-9C4A-4677-BF56-27FBEFE34455}.Debug|x64.Build.0 = Debug|x64
		{AB43C47B-9C4A-4677-BF56-27FBEFE34455}.Debug|x86.ActiveCfg = Debug|x86
		{AB43C47B-9C4A-4677-BF56-27FBEFE34455}.Debug|x86.Build.0 = Debug|x86
		{AB43C47B-9C4A-4677-BF56-27FBEFE34455}.Release|Any CPU.ActiveCfg = Release|Any CPU
		{AB43C47B-9C4A-4677-BF56-27FBEFE34455}.Release|Any CPU.Build.0 = Release|Any CPU
		{AB43C47B-9C4A-4677-BF56-27FBEFE34455}.Release|x64.ActiveCfg = Release|x64
		{AB43C47B-9C4A-4677-BF56-27FBEFE34455}.Release|x64.Build.0 = Release|x64
		{AB43C47B-9C4A-4677-BF56-27FBEFE34455}.Release|x86.ActiveCfg = Release|x86
		{AB43C47B-9C4A-4677-BF56-27FBEFE34455}.Release|x86.Build.0 = Release|x86
	EndGlobalSection
	GlobalSection(SolutionProperties) = preSolution
		HideSolutionNode = FALSE
	EndGlobalSection
EndGlobal
